
Microsoft Visual Studio Solution File, Format Version 12.00
# Visual Studio Version 17
VisualStudioVersion = 17.8.34511.84
MinimumVisualStudioVersion = 10.0.40219.1
Project("{FAE04EC0-301F-11D3-BF4B-00C04F79EFBC}") = "ProductsApi", "ProductsApi\ProductsApi.csproj", "{B45B67FC-5022-4AF8-92E8-2EE812160B16}"
EndProject
Global
	GlobalSection(SolutionConfigurationPlatforms) = preSolution
		Debug|Any CPU = Debug|Any CPU
		Release|Any CPU = Release|Any CPU
	EndGlobalSection
	GlobalSection(ProjectConfigurationPlatforms) = postSolution
		{B45B67FC-5022-4AF8-92E8-2EE812160B16}.Debug|Any CPU.ActiveCfg = Debug|Any CPU
		{B45B67FC-5022-4AF8-92E8-2EE812160B16}.Debug|Any CPU.Build.0 = Debug|Any CPU
		{B45B67FC-5022-4AF8-92E8-2EE812160B16}.Release|Any CPU.ActiveCfg = Release|Any CPU
		{B45B67FC-5022-4AF8-92E8-2EE812160B16}.Release|Any CPU.Build.0 = Release|Any CPU
	EndGlobalSection
	GlobalSection(SolutionProperties) = preSolution
		HideSolutionNode = FALSE
	EndGlobalSection
	GlobalSection(ExtensibilityGlobals) = postSolution
		SolutionGuid = {22680892-DFEA-4A2B-BD12-BFB993054797}
	EndGlobalSection
EndGlobal
